
Microsoft Visual Studio Solution File, Format Version 12.00
# Visual Studio Version 17
VisualStudioVersion = 17.0.32112.339
MinimumVisualStudioVersion = 10.0.40219.1
Project("{FAE04EC0-301F-11D3-BF4B-00C04F79EFBC}") = "Saman", "Saman\Saman.csproj", "{996F346E-1393-4383-A3BB-8A4BFEB2151C}"
EndProject
Global
	GlobalSection(SolutionConfigurationPlatforms) = preSolution
		Debug|Any CPU = Debug|Any CPU
		Release|Any CPU = Release|Any CPU
	EndGlobalSection
	GlobalSection(ProjectConfigurationPlatforms) = postSolution
		{996F346E-1393-4383-A3BB-8A4BFEB2151C}.Debug|Any CPU.ActiveCfg = Debug|Any CPU
		{996F346E-1393-4383-A3BB-8A4BFEB2151C}.Debug|Any CPU.Build.0 = Debug|Any CPU
		{996F346E-1393-4383-A3BB-8A4BFEB2151C}.Release|Any CPU.ActiveCfg = Release|Any CPU
		{996F346E-1393-4383-A3BB-8A4BFEB2151C}.Release|Any CPU.Build.0 = Release|Any CPU
	EndGlobalSection
	GlobalSection(SolutionProperties) = preSolution
		HideSolutionNode = FALSE
	EndGlobalSection
	GlobalSection(ExtensibilityGlobals) = postSolution
		SolutionGuid = {10440BB9-271B-465F-A90F-E7E4C6F8E698}
	EndGlobalSection
EndGlobal
